
Microsoft Visual Studio Solution File, Format Version 12.00
Project("{FAE04EC0-301F-11D3-BF4B-00C04F79EFBC}") = "RandomTestFsCheck", "RandomTestFsCheck\RandomTestFsCheck.csproj", "{3E2E367B-ED19-47B2-9DBB-C14798928F2B}"
EndProject
Global
	GlobalSection(SolutionConfigurationPlatforms) = preSolution
		Debug|Any CPU = Debug|Any CPU
		Release|Any CPU = Release|Any CPU
	EndGlobalSection
	GlobalSection(ProjectConfigurationPlatforms) = postSolution
		{3E2E367B-ED19-47B2-9DBB-C14798928F2B}.Debug|Any CPU.ActiveCfg = Debug|Any CPU
		{3E2E367B-ED19-47B2-9DBB-C14798928F2B}.Debug|Any CPU.Build.0 = Debug|Any CPU
		{3E2E367B-ED19-47B2-9DBB-C14798928F2B}.Release|Any CPU.ActiveCfg = Release|Any CPU
		{3E2E367B-ED19-47B2-9DBB-C14798928F2B}.Release|Any CPU.Build.0 = Release|Any CPU
	EndGlobalSection
EndGlobal
