
Microsoft Visual Studio Solution File, Format Version 12.00
Project("{F2A71F9B-5D33-465A-A702-920D77279786}") = "RandomTestingFsCheck", "RandomTestingFsCheck\RandomTestingFsCheck.fsproj", "{58BA85F8-602E-4891-8D89-E15B95374C7C}"
EndProject
Project("{F2A71F9B-5D33-465A-A702-920D77279786}") = "TestProject1", "TestProject1\TestProject1.fsproj", "{FDD7C2BE-7D41-4CAC-AAE1-04A4DFFFA5B1}"
EndProject
Global
	GlobalSection(SolutionConfigurationPlatforms) = preSolution
		Debug|Any CPU = Debug|Any CPU
		Release|Any CPU = Release|Any CPU
	EndGlobalSection
	GlobalSection(ProjectConfigurationPlatforms) = postSolution
		{58BA85F8-602E-4891-8D89-E15B95374C7C}.Debug|Any CPU.ActiveCfg = Debug|Any CPU
		{58BA85F8-602E-4891-8D89-E15B95374C7C}.Debug|Any CPU.Build.0 = Debug|Any CPU
		{58BA85F8-602E-4891-8D89-E15B95374C7C}.Release|Any CPU.ActiveCfg = Release|Any CPU
		{58BA85F8-602E-4891-8D89-E15B95374C7C}.Release|Any CPU.Build.0 = Release|Any CPU
		{FDD7C2BE-7D41-4CAC-AAE1-04A4DFFFA5B1}.Debug|Any CPU.ActiveCfg = Debug|Any CPU
		{FDD7C2BE-7D41-4CAC-AAE1-04A4DFFFA5B1}.Debug|Any CPU.Build.0 = Debug|Any CPU
		{FDD7C2BE-7D41-4CAC-AAE1-04A4DFFFA5B1}.Release|Any CPU.ActiveCfg = Release|Any CPU
		{FDD7C2BE-7D41-4CAC-AAE1-04A4DFFFA5B1}.Release|Any CPU.Build.0 = Release|Any CPU
	EndGlobalSection
EndGlobal
