
Microsoft Visual Studio Solution File, Format Version 12.00
Project("{FAE04EC0-301F-11D3-BF4B-00C04F79EFBC}") = "GrpcTest", "GrpcTest\GrpcTest.csproj", "{9D8D21CB-D11D-4354-B789-750B0699B8C1}"
EndProject
Project("{FAE04EC0-301F-11D3-BF4B-00C04F79EFBC}") = "GrpcClient", "GrpcClient\GrpcClient.csproj", "{A29985BD-1F81-44EE-AB58-6300787F8531}"
EndProject
Global
	GlobalSection(SolutionConfigurationPlatforms) = preSolution
		Debug|Any CPU = Debug|Any CPU
		Release|Any CPU = Release|Any CPU
	EndGlobalSection
	GlobalSection(ProjectConfigurationPlatforms) = postSolution
		{9D8D21CB-D11D-4354-B789-750B0699B8C1}.Debug|Any CPU.ActiveCfg = Debug|Any CPU
		{9D8D21CB-D11D-4354-B789-750B0699B8C1}.Debug|Any CPU.Build.0 = Debug|Any CPU
		{9D8D21CB-D11D-4354-B789-750B0699B8C1}.Release|Any CPU.ActiveCfg = Release|Any CPU
		{9D8D21CB-D11D-4354-B789-750B0699B8C1}.Release|Any CPU.Build.0 = Release|Any CPU
		{A29985BD-1F81-44EE-AB58-6300787F8531}.Debug|Any CPU.ActiveCfg = Debug|Any CPU
		{A29985BD-1F81-44EE-AB58-6300787F8531}.Debug|Any CPU.Build.0 = Debug|Any CPU
		{A29985BD-1F81-44EE-AB58-6300787F8531}.Release|Any CPU.ActiveCfg = Release|Any CPU
		{A29985BD-1F81-44EE-AB58-6300787F8531}.Release|Any CPU.Build.0 = Release|Any CPU
	EndGlobalSection
EndGlobal
